
Microsoft Visual Studio Solution File, Format Version 12.00
# Visual Studio Version 17
VisualStudioVersion = 17.4.33103.184
MinimumVisualStudioVersion = 10.0.40219.1
Project("{FAE04EC0-301F-11D3-BF4B-00C04F79EFBC}") = "1.DATA", "1.DATA\1.DATA.csproj", "{F12791D6-A789-4975-98E9-4982781E6420}"
EndProject
Project("{FAE04EC0-301F-11D3-BF4B-00C04F79EFBC}") = "2.API", "2.API\2.API.csproj", "{11B438AB-FEB0-453A-BC29-A1A70D7CD82C}"
EndProject
Project("{FAE04EC0-301F-11D3-BF4B-00C04F79EFBC}") = "3.View", "3.View\3.View.csproj", "{D384DEE9-40EC-4EA4-B89D-19B4638FB56E}"
EndProject
Global
	GlobalSection(SolutionConfigurationPlatforms) = preSolution
		Debug|Any CPU = Debug|Any CPU
		Release|Any CPU = Release|Any CPU
	EndGlobalSection
	GlobalSection(ProjectConfigurationPlatforms) = postSolution
		{F12791D6-A789-4975-98E9-4982781E6420}.Debug|Any CPU.ActiveCfg = Debug|Any CPU
		{F12791D6-A789-4975-98E9-4982781E6420}.Debug|Any CPU.Build.0 = Debug|Any CPU
		{F12791D6-A789-4975-98E9-4982781E6420}.Release|Any CPU.ActiveCfg = Release|Any CPU
		{F12791D6-A789-4975-98E9-4982781E6420}.Release|Any CPU.Build.0 = Release|Any CPU
		{11B438AB-FEB0-453A-BC29-A1A70D7CD82C}.Debug|Any CPU.ActiveCfg = Debug|Any CPU
		{11B438AB-FEB0-453A-BC29-A1A70D7CD82C}.Debug|Any CPU.Build.0 = Debug|Any CPU
		{11B438AB-FEB0-453A-BC29-A1A70D7CD82C}.Release|Any CPU.ActiveCfg = Release|Any CPU
		{11B438AB-FEB0-453A-BC29-A1A70D7CD82C}.Release|Any CPU.Build.0 = Release|Any CPU
		{D384DEE9-40EC-4EA4-B89D-19B4638FB56E}.Debug|Any CPU.ActiveCfg = Debug|Any CPU
		{D384DEE9-40EC-4EA4-B89D-19B4638FB56E}.Debug|Any CPU.Build.0 = Debug|Any CPU
		{D384DEE9-40EC-4EA4-B89D-19B4638FB56E}.Release|Any CPU.ActiveCfg = Release|Any CPU
		{D384DEE9-40EC-4EA4-B89D-19B4638FB56E}.Release|Any CPU.Build.0 = Release|Any CPU
	EndGlobalSection
	GlobalSection(SolutionProperties) = preSolution
		HideSolutionNode = FALSE
	EndGlobalSection
	GlobalSection(ExtensibilityGlobals) = postSolution
		SolutionGuid = {85FB5EC1-9539-4A10-99DF-96689DD498A1}
	EndGlobalSection
EndGlobal
